
Microsoft Visual Studio Solution File, Format Version 12.00
# Visual Studio Version 17
VisualStudioVersion = 17.14.36401.2 d17.14
MinimumVisualStudioVersion = 10.0.40219.1
Project("{FAE04EC0-301F-11D3-BF4B-00C04F79EFBC}") = "TestProject1", "TestProject1\TestProject1.csproj", "{9E7E3680-2854-47DC-A1B9-11A906B77B1F}"
EndProject
Project("{FAE04EC0-301F-11D3-BF4B-00C04F79EFBC}") = "MyMvvmApp", "..\251010-nyari-tabor-foglalo-backend\MyMvvmApp\MyMvvmApp.csproj", "{38F853EB-BA5E-DAC8-4590-45AD5F9CE0E2}"
EndProject
Global
	GlobalSection(SolutionConfigurationPlatforms) = preSolution
		Debug|Any CPU = Debug|Any CPU
		Release|Any CPU = Release|Any CPU
	EndGlobalSection
	GlobalSection(ProjectConfigurationPlatforms) = postSolution
		{9E7E3680-2854-47DC-A1B9-11A906B77B1F}.Debug|Any CPU.ActiveCfg = Debug|Any CPU
		{9E7E3680-2854-47DC-A1B9-11A906B77B1F}.Debug|Any CPU.Build.0 = Debug|Any CPU
		{9E7E3680-2854-47DC-A1B9-11A906B77B1F}.Release|Any CPU.ActiveCfg = Release|Any CPU
		{9E7E3680-2854-47DC-A1B9-11A906B77B1F}.Release|Any CPU.Build.0 = Release|Any CPU
		{38F853EB-BA5E-DAC8-4590-45AD5F9CE0E2}.Debug|Any CPU.ActiveCfg = Debug|Any CPU
		{38F853EB-BA5E-DAC8-4590-45AD5F9CE0E2}.Debug|Any CPU.Build.0 = Debug|Any CPU
		{38F853EB-BA5E-DAC8-4590-45AD5F9CE0E2}.Release|Any CPU.ActiveCfg = Release|Any CPU
		{38F853EB-BA5E-DAC8-4590-45AD5F9CE0E2}.Release|Any CPU.Build.0 = Release|Any CPU
	EndGlobalSection
	GlobalSection(SolutionProperties) = preSolution
		HideSolutionNode = FALSE
	EndGlobalSection
	GlobalSection(ExtensibilityGlobals) = postSolution
		SolutionGuid = {483DFE5E-31B6-4178-A228-74DDD9CFE6C8}
	EndGlobalSection
EndGlobal
